// !$*UTF8*$!
{
	archiveVersion = 1;
	classes = {
	};
	objectVersion = 46;
	objects = {

/* Begin PBXBuildFile section */
		D902C983169C3EF8000CCCCF /* aurio_helper.cpp in Sources */ = {isa = PBXBuildFile; fileRef = D902C974169C3EF8000CCCCF /* aurio_helper.cpp */; };
		D902C984169C3EF8000CCCCF /* rad2fft.c in Sources */ = {isa = PBXBuildFile; fileRef = D902C977169C3EF8000CCCCF /* rad2fft.c */; };
		D902C985169C3EF8000CCCCF /* SpectrumAnalysis.cpp in Sources */ = {isa = PBXBuildFile; fileRef = D902C979169C3EF8000CCCCF /* SpectrumAnalysis.cpp */; };
		D902C986169C3EF8000CCCCF /* CADebugMacros.cpp in Sources */ = {isa = PBXBuildFile; fileRef = D902C97C169C3EF8000CCCCF /* CADebugMacros.cpp */; };
		D902C987169C3EF8000CCCCF /* CAStreamBasicDescription.cpp in Sources */ = {isa = PBXBuildFile; fileRef = D902C97F169C3EF8000CCCCF /* CAStreamBasicDescription.cpp */; };
		D902C988169C3EF8000CCCCF /* CAXException.cpp in Sources */ = {isa = PBXBuildFile; fileRef = D902C981169C3EF8000CCCCF /* CAXException.cpp */; };
		D927EDF0169FFE8900C2A0A6 /* AudioFileHelper.c in Sources */ = {isa = PBXBuildFile; fileRef = D927EDEF169FFE8900C2A0A6 /* AudioFileHelper.c */; };
		D94910FE169C0597005170FB /* 01. Stargazers.mp3 in Resources */ = {isa = PBXBuildFile; fileRef = D94910FD169C0597005170FB /* 01. Stargazers.mp3 */; };
		D9491100169C06A8005170FB /* AVFoundation.framework in Frameworks */ = {isa = PBXBuildFile; fileRef = D94910FF169C06A8005170FB /* AVFoundation.framework */; };
		D9491104169C06C6005170FB /* PlayerViewController.m in Sources */ = {isa = PBXBuildFile; fileRef = D9491102169C06C6005170FB /* PlayerViewController.m */; };
		D9491105169C06C6005170FB /* PlayerViewController.xib in Resources */ = {isa = PBXBuildFile; fileRef = D9491103169C06C6005170FB /* PlayerViewController.xib */; };
		D949110B169C1B26005170FB /* MediaPlayer.framework in Frameworks */ = {isa = PBXBuildFile; fileRef = D949110A169C1B26005170FB /* MediaPlayer.framework */; };
		D9652851169F07FA0030BC45 /* AudioQueuePlayer.m in Sources */ = {isa = PBXBuildFile; fileRef = D9652850169F07FA0030BC45 /* AudioQueuePlayer.m */; settings = {COMPILER_FLAGS = "-fno-objc-arc"; }; };
		D97449C7169C79F200876869 /* AudioToolbox.framework in Frameworks */ = {isa = PBXBuildFile; fileRef = D97449C6169C79F200876869 /* AudioToolbox.framework */; };
		D978F4571696F53700E8FEF2 /* UIKit.framework in Frameworks */ = {isa = PBXBuildFile; fileRef = D978F4561696F53700E8FEF2 /* UIKit.framework */; };
		D978F4591696F53700E8FEF2 /* Foundation.framework in Frameworks */ = {isa = PBXBuildFile; fileRef = D978F4581696F53700E8FEF2 /* Foundation.framework */; };
		D978F45B1696F53700E8FEF2 /* CoreGraphics.framework in Frameworks */ = {isa = PBXBuildFile; fileRef = D978F45A1696F53700E8FEF2 /* CoreGraphics.framework */; };
		D978F4611696F53700E8FEF2 /* InfoPlist.strings in Resources */ = {isa = PBXBuildFile; fileRef = D978F45F1696F53700E8FEF2 /* InfoPlist.strings */; };
		D978F4631696F53700E8FEF2 /* main.m in Sources */ = {isa = PBXBuildFile; fileRef = D978F4621696F53700E8FEF2 /* main.m */; };
		D978F4671696F53700E8FEF2 /* AppDelegate.m in Sources */ = {isa = PBXBuildFile; fileRef = D978F4661696F53700E8FEF2 /* AppDelegate.m */; };
		D978F4691696F53700E8FEF2 /* Default.png in Resources */ = {isa = PBXBuildFile; fileRef = D978F4681696F53700E8FEF2 /* Default.png */; };
		D978F46B1696F53700E8FEF2 /* Default@2x.png in Resources */ = {isa = PBXBuildFile; fileRef = D978F46A1696F53700E8FEF2 /* Default@2x.png */; };
		D978F46D1696F53700E8FEF2 /* Default-568h@2x.png in Resources */ = {isa = PBXBuildFile; fileRef = D978F46C1696F53700E8FEF2 /* Default-568h@2x.png */; };
		D978F4941696FA5000E8FEF2 /* Accelerate.framework in Frameworks */ = {isa = PBXBuildFile; fileRef = D978F4931696FA5000E8FEF2 /* Accelerate.framework */; };
/* End PBXBuildFile section */

/* Begin PBXFileReference section */
		D902C974169C3EF8000CCCCF /* aurio_helper.cpp */ = {isa = PBXFileReference; fileEncoding = 4; lastKnownFileType = sourcecode.cpp.cpp; path = aurio_helper.cpp; sourceTree = "<group>"; };
		D902C975169C3EF8000CCCCF /* aurio_helper.h */ = {isa = PBXFileReference; fileEncoding = 4; lastKnownFileType = sourcecode.c.h; path = aurio_helper.h; sourceTree = "<group>"; };
		D902C977169C3EF8000CCCCF /* rad2fft.c */ = {isa = PBXFileReference; fileEncoding = 4; lastKnownFileType = sourcecode.c.c; path = rad2fft.c; sourceTree = "<group>"; };
		D902C978169C3EF8000CCCCF /* rad2fft.h */ = {isa = PBXFileReference; fileEncoding = 4; lastKnownFileType = sourcecode.c.h; path = rad2fft.h; sourceTree = "<group>"; };
		D902C979169C3EF8000CCCCF /* SpectrumAnalysis.cpp */ = {isa = PBXFileReference; fileEncoding = 4; lastKnownFileType = sourcecode.cpp.cpp; path = SpectrumAnalysis.cpp; sourceTree = "<group>"; };
		D902C97A169C3EF8000CCCCF /* SpectrumAnalysis.h */ = {isa = PBXFileReference; fileEncoding = 4; lastKnownFileType = sourcecode.c.h; path = SpectrumAnalysis.h; sourceTree = "<group>"; };
		D902C97C169C3EF8000CCCCF /* CADebugMacros.cpp */ = {isa = PBXFileReference; fileEncoding = 4; lastKnownFileType = sourcecode.cpp.cpp; path = CADebugMacros.cpp; sourceTree = "<group>"; };
		D902C97D169C3EF8000CCCCF /* CADebugMacros.h */ = {isa = PBXFileReference; fileEncoding = 4; lastKnownFileType = sourcecode.c.h; path = CADebugMacros.h; sourceTree = "<group>"; };
		D902C97E169C3EF8000CCCCF /* CAMath.h */ = {isa = PBXFileReference; fileEncoding = 4; lastKnownFileType = sourcecode.c.h; path = CAMath.h; sourceTree = "<group>"; };
		D902C97F169C3EF8000CCCCF /* CAStreamBasicDescription.cpp */ = {isa = PBXFileReference; fileEncoding = 4; lastKnownFileType = sourcecode.cpp.cpp; path = CAStreamBasicDescription.cpp; sourceTree = "<group>"; };
		D902C980169C3EF8000CCCCF /* CAStreamBasicDescription.h */ = {isa = PBXFileReference; fileEncoding = 4; lastKnownFileType = sourcecode.c.h; path = CAStreamBasicDescription.h; sourceTree = "<group>"; };
		D902C981169C3EF8000CCCCF /* CAXException.cpp */ = {isa = PBXFileReference; fileEncoding = 4; lastKnownFileType = sourcecode.cpp.cpp; path = CAXException.cpp; sourceTree = "<group>"; };
		D902C982169C3EF8000CCCCF /* CAXException.h */ = {isa = PBXFileReference; fileEncoding = 4; lastKnownFileType = sourcecode.c.h; path = CAXException.h; sourceTree = "<group>"; };
		D927EDEE169FFE7400C2A0A6 /* AudioFileHelper.h */ = {isa = PBXFileReference; fileEncoding = 4; lastKnownFileType = sourcecode.c.h; path = AudioFileHelper.h; sourceTree = "<group>"; };
		D927EDEF169FFE8900C2A0A6 /* AudioFileHelper.c */ = {isa = PBXFileReference; fileEncoding = 4; lastKnownFileType = sourcecode.c.c; path = AudioFileHelper.c; sourceTree = "<group>"; };
		D94910FD169C0597005170FB /* 01. Stargazers.mp3 */ = {isa = PBXFileReference; lastKnownFileType = audio.mp3; path = "01. Stargazers.mp3"; sourceTree = "<group>"; };
		D94910FF169C06A8005170FB /* AVFoundation.framework */ = {isa = PBXFileReference; lastKnownFileType = wrapper.framework; name = AVFoundation.framework; path = System/Library/Frameworks/AVFoundation.framework; sourceTree = SDKROOT; };
		D9491101169C06C6005170FB /* PlayerViewController.h */ = {isa = PBXFileReference; fileEncoding = 4; lastKnownFileType = sourcecode.c.h; path = PlayerViewController.h; sourceTree = "<group>"; };
		D9491102169C06C6005170FB /* PlayerViewController.m */ = {isa = PBXFileReference; fileEncoding = 4; lastKnownFileType = sourcecode.c.objc; path = PlayerViewController.m; sourceTree = "<group>"; };
		D9491103169C06C6005170FB /* PlayerViewController.xib */ = {isa = PBXFileReference; fileEncoding = 4; lastKnownFileType = file.xib; path = PlayerViewController.xib; sourceTree = "<group>"; };
		D949110A169C1B26005170FB /* MediaPlayer.framework */ = {isa = PBXFileReference; lastKnownFileType = wrapper.framework; name = MediaPlayer.framework; path = System/Library/Frameworks/MediaPlayer.framework; sourceTree = SDKROOT; };
		D965284F169F07FA0030BC45 /* AudioQueuePlayer.h */ = {isa = PBXFileReference; fileEncoding = 4; lastKnownFileType = sourcecode.c.h; path = AudioQueuePlayer.h; sourceTree = "<group>"; };
		D9652850169F07FA0030BC45 /* AudioQueuePlayer.m */ = {isa = PBXFileReference; fileEncoding = 4; lastKnownFileType = sourcecode.c.objc; path = AudioQueuePlayer.m; sourceTree = "<group>"; };
		D97449C6169C79F200876869 /* AudioToolbox.framework */ = {isa = PBXFileReference; lastKnownFileType = wrapper.framework; name = AudioToolbox.framework; path = System/Library/Frameworks/AudioToolbox.framework; sourceTree = SDKROOT; };
		D978F4521696F53700E8FEF2 /* SpectrumAnalizer.app */ = {isa = PBXFileReference; explicitFileType = wrapper.application; includeInIndex = 0; path = SpectrumAnalizer.app; sourceTree = BUILT_PRODUCTS_DIR; };
		D978F4561696F53700E8FEF2 /* UIKit.framework */ = {isa = PBXFileReference; lastKnownFileType = wrapper.framework; name = UIKit.framework; path = System/Library/Frameworks/UIKit.framework; sourceTree = SDKROOT; };
		D978F4581696F53700E8FEF2 /* Foundation.framework */ = {isa = PBXFileReference; lastKnownFileType = wrapper.framework; name = Foundation.framework; path = System/Library/Frameworks/Foundation.framework; sourceTree = SDKROOT; };
		D978F45A1696F53700E8FEF2 /* CoreGraphics.framework */ = {isa = PBXFileReference; lastKnownFileType = wrapper.framework; name = CoreGraphics.framework; path = System/Library/Frameworks/CoreGraphics.framework; sourceTree = SDKROOT; };
		D978F45E1696F53700E8FEF2 /* SpectrumAnalizer-Info.plist */ = {isa = PBXFileReference; lastKnownFileType = text.plist.xml; path = "SpectrumAnalizer-Info.plist"; sourceTree = "<group>"; };
		D978F4601696F53700E8FEF2 /* en */ = {isa = PBXFileReference; lastKnownFileType = text.plist.strings; name = en; path = en.lproj/InfoPlist.strings; sourceTree = "<group>"; };
		D978F4621696F53700E8FEF2 /* main.m */ = {isa = PBXFileReference; lastKnownFileType = sourcecode.c.objc; path = main.m; sourceTree = "<group>"; };
		D978F4641696F53700E8FEF2 /* SpectrumAnalizer-Prefix.pch */ = {isa = PBXFileReference; lastKnownFileType = sourcecode.c.h; path = "SpectrumAnalizer-Prefix.pch"; sourceTree = "<group>"; };
		D978F4651696F53700E8FEF2 /* AppDelegate.h */ = {isa = PBXFileReference; lastKnownFileType = sourcecode.c.h; path = AppDelegate.h; sourceTree = "<group>"; };
		D978F4661696F53700E8FEF2 /* AppDelegate.m */ = {isa = PBXFileReference; lastKnownFileType = sourcecode.c.objc; path = AppDelegate.m; sourceTree = "<group>"; };
		D978F4681696F53700E8FEF2 /* Default.png */ = {isa = PBXFileReference; lastKnownFileType = image.png; path = Default.png; sourceTree = "<group>"; };
		D978F46A1696F53700E8FEF2 /* Default@2x.png */ = {isa = PBXFileReference; lastKnownFileType = image.png; path = "Default@2x.png"; sourceTree = "<group>"; };
		D978F46C1696F53700E8FEF2 /* Default-568h@2x.png */ = {isa = PBXFileReference; lastKnownFileType = image.png; path = "Default-568h@2x.png"; sourceTree = "<group>"; };
		D978F4931696FA5000E8FEF2 /* Accelerate.framework */ = {isa = PBXFileReference; lastKnownFileType = wrapper.framework; name = Accelerate.framework; path = System/Library/Frameworks/Accelerate.framework; sourceTree = SDKROOT; };
/* End PBXFileReference section */

/* Begin PBXFrameworksBuildPhase section */
		D978F44F1696F53700E8FEF2 /* Frameworks */ = {
			isa = PBXFrameworksBuildPhase;
			buildActionMask = 2147483647;
			files = (
				D978F4571696F53700E8FEF2 /* UIKit.framework in Frameworks */,
				D978F4591696F53700E8FEF2 /* Foundation.framework in Frameworks */,
				D978F45B1696F53700E8FEF2 /* CoreGraphics.framework in Frameworks */,
				D978F4941696FA5000E8FEF2 /* Accelerate.framework in Frameworks */,
				D9491100169C06A8005170FB /* AVFoundation.framework in Frameworks */,
				D949110B169C1B26005170FB /* MediaPlayer.framework in Frameworks */,
				D97449C7169C79F200876869 /* AudioToolbox.framework in Frameworks */,
			);
			runOnlyForDeploymentPostprocessing = 0;
		};
/* End PBXFrameworksBuildPhase section */

/* Begin PBXGroup section */
		D902C973169C3EF8000CCCCF /* AudioUtilites */ = {
			isa = PBXGroup;
			children = (
				D902C974169C3EF8000CCCCF /* aurio_helper.cpp */,
				D902C975169C3EF8000CCCCF /* aurio_helper.h */,
				D902C976169C3EF8000CCCCF /* fft */,
				D902C97B169C3EF8000CCCCF /* iPublicUtility */,
			);
			path = AudioUtilites;
			sourceTree = "<group>";
		};
		D902C976169C3EF8000CCCCF /* fft */ = {
			isa = PBXGroup;
			children = (
				D902C977169C3EF8000CCCCF /* rad2fft.c */,
				D902C978169C3EF8000CCCCF /* rad2fft.h */,
				D902C979169C3EF8000CCCCF /* SpectrumAnalysis.cpp */,
				D902C97A169C3EF8000CCCCF /* SpectrumAnalysis.h */,
			);
			path = fft;
			sourceTree = "<group>";
		};
		D902C97B169C3EF8000CCCCF /* iPublicUtility */ = {
			isa = PBXGroup;
			children = (
				D902C97C169C3EF8000CCCCF /* CADebugMacros.cpp */,
				D902C97D169C3EF8000CCCCF /* CADebugMacros.h */,
				D902C97E169C3EF8000CCCCF /* CAMath.h */,
				D902C97F169C3EF8000CCCCF /* CAStreamBasicDescription.cpp */,
				D902C980169C3EF8000CCCCF /* CAStreamBasicDescription.h */,
				D902C981169C3EF8000CCCCF /* CAXException.cpp */,
				D902C982169C3EF8000CCCCF /* CAXException.h */,
			);
			path = iPublicUtility;
			sourceTree = "<group>";
		};
		D927EDEC169FFD3D00C2A0A6 /* Utilites */ = {
			isa = PBXGroup;
			children = (
				D927EDEE169FFE7400C2A0A6 /* AudioFileHelper.h */,
				D927EDEF169FFE8900C2A0A6 /* AudioFileHelper.c */,
			);
			name = Utilites;
			sourceTree = "<group>";
		};
		D94910FB169C0586005170FB /* Resources */ = {
			isa = PBXGroup;
			children = (
				D94910FC169C0597005170FB /* audio */,
			);
			name = Resources;
			sourceTree = "<group>";
		};
		D94910FC169C0597005170FB /* audio */ = {
			isa = PBXGroup;
			children = (
				D94910FD169C0597005170FB /* 01. Stargazers.mp3 */,
			);
			name = audio;
			path = Resources/audio;
			sourceTree = "<group>";
		};
		D978F4471696F53700E8FEF2 = {
			isa = PBXGroup;
			children = (
				D978F45C1696F53700E8FEF2 /* SpectrumAnalizer */,
				D978F4551696F53700E8FEF2 /* Frameworks */,
				D978F4531696F53700E8FEF2 /* Products */,
			);
			sourceTree = "<group>";
		};
		D978F4531696F53700E8FEF2 /* Products */ = {
			isa = PBXGroup;
			children = (
				D978F4521696F53700E8FEF2 /* SpectrumAnalizer.app */,
			);
			name = Products;
			sourceTree = "<group>";
		};
		D978F4551696F53700E8FEF2 /* Frameworks */ = {
			isa = PBXGroup;
			children = (
				D97449C6169C79F200876869 /* AudioToolbox.framework */,
				D949110A169C1B26005170FB /* MediaPlayer.framework */,
				D94910FF169C06A8005170FB /* AVFoundation.framework */,
				D978F4931696FA5000E8FEF2 /* Accelerate.framework */,
				D978F4561696F53700E8FEF2 /* UIKit.framework */,
				D978F4581696F53700E8FEF2 /* Foundation.framework */,
				D978F45A1696F53700E8FEF2 /* CoreGraphics.framework */,
			);
			name = Frameworks;
			sourceTree = "<group>";
		};
		D978F45C1696F53700E8FEF2 /* SpectrumAnalizer */ = {
			isa = PBXGroup;
			children = (
				D902C973169C3EF8000CCCCF /* AudioUtilites */,
				D94910FB169C0586005170FB /* Resources */,
				D978F9211697074800E8FEF2 /* Application */,
				D978F45D1696F53700E8FEF2 /* Supporting Files */,
			);
			path = SpectrumAnalizer;
			sourceTree = "<group>";
		};
		D978F45D1696F53700E8FEF2 /* Supporting Files */ = {
			isa = PBXGroup;
			children = (
				D978F45E1696F53700E8FEF2 /* SpectrumAnalizer-Info.plist */,
				D978F45F1696F53700E8FEF2 /* InfoPlist.strings */,
				D978F4621696F53700E8FEF2 /* main.m */,
				D978F4641696F53700E8FEF2 /* SpectrumAnalizer-Prefix.pch */,
				D978F4681696F53700E8FEF2 /* Default.png */,
				D978F46A1696F53700E8FEF2 /* Default@2x.png */,
				D978F46C1696F53700E8FEF2 /* Default-568h@2x.png */,
			);
			name = "Supporting Files";
			sourceTree = "<group>";
		};
		D978F9211697074800E8FEF2 /* Application */ = {
			isa = PBXGroup;
			children = (
				D927EDEC169FFD3D00C2A0A6 /* Utilites */,
				D978F4651696F53700E8FEF2 /* AppDelegate.h */,
				D978F4661696F53700E8FEF2 /* AppDelegate.m */,
				D9491101169C06C6005170FB /* PlayerViewController.h */,
				D9491102169C06C6005170FB /* PlayerViewController.m */,
				D9491103169C06C6005170FB /* PlayerViewController.xib */,
				D965284F169F07FA0030BC45 /* AudioQueuePlayer.h */,
				D9652850169F07FA0030BC45 /* AudioQueuePlayer.m */,
			);
			name = Application;
			sourceTree = "<group>";
		};
/* End PBXGroup section */

/* Begin PBXNativeTarget section */
		D978F4511696F53700E8FEF2 /* SpectrumAnalizer */ = {
			isa = PBXNativeTarget;
			buildConfigurationList = D978F4851696F53700E8FEF2 /* Build configuration list for PBXNativeTarget "SpectrumAnalizer" */;
			buildPhases = (
				D978F44E1696F53700E8FEF2 /* Sources */,
				D978F44F1696F53700E8FEF2 /* Frameworks */,
				D978F4501696F53700E8FEF2 /* Resources */,
			);
			buildRules = (
			);
			dependencies = (
			);
			name = SpectrumAnalizer;
			productName = SpectrumAnalizer;
			productReference = D978F4521696F53700E8FEF2 /* SpectrumAnalizer.app */;
			productType = "com.apple.product-type.application";
		};
/* End PBXNativeTarget section */

/* Begin PBXProject section */
		D978F4491696F53700E8FEF2 /* Project object */ = {
			isa = PBXProject;
			attributes = {
				LastUpgradeCheck = 0450;
				ORGANIZATIONNAME = "Evgeniy Kirpichenko";
			};
			buildConfigurationList = D978F44C1696F53700E8FEF2 /* Build configuration list for PBXProject "SpectrumAnalizer" */;
			compatibilityVersion = "Xcode 3.2";
			developmentRegion = English;
			hasScannedForEncodings = 0;
			knownRegions = (
				en,
			);
			mainGroup = D978F4471696F53700E8FEF2;
			productRefGroup = D978F4531696F53700E8FEF2 /* Products */;
			projectDirPath = "";
			projectRoot = "";
			targets = (
				D978F4511696F53700E8FEF2 /* SpectrumAnalizer */,
			);
		};
/* End PBXProject section */

/* Begin PBXResourcesBuildPhase section */
		D978F4501696F53700E8FEF2 /* Resources */ = {
			isa = PBXResourcesBuildPhase;
			buildActionMask = 2147483647;
			files = (
				D978F4611696F53700E8FEF2 /* InfoPlist.strings in Resources */,
				D978F4691696F53700E8FEF2 /* Default.png in Resources */,
				D978F46B1696F53700E8FEF2 /* Default@2x.png in Resources */,
				D978F46D1696F53700E8FEF2 /* Default-568h@2x.png in Resources */,
				D94910FE169C0597005170FB /* 01. Stargazers.mp3 in Resources */,
				D9491105169C06C6005170FB /* PlayerViewController.xib in Resources */,
			);
			runOnlyForDeploymentPostprocessing = 0;
		};
/* End PBXResourcesBuildPhase section */

/* Begin PBXSourcesBuildPhase section */
		D978F44E1696F53700E8FEF2 /* Sources */ = {
			isa = PBXSourcesBuildPhase;
			buildActionMask = 2147483647;
			files = (
				D978F4631696F53700E8FEF2 /* main.m in Sources */,
				D978F4671696F53700E8FEF2 /* AppDelegate.m in Sources */,
				D9491104169C06C6005170FB /* PlayerViewController.m in Sources */,
				D902C983169C3EF8000CCCCF /* aurio_helper.cpp in Sources */,
				D902C984169C3EF8000CCCCF /* rad2fft.c in Sources */,
				D902C985169C3EF8000CCCCF /* SpectrumAnalysis.cpp in Sources */,
				D902C986169C3EF8000CCCCF /* CADebugMacros.cpp in Sources */,
				D902C987169C3EF8000CCCCF /* CAStreamBasicDescription.cpp in Sources */,
				D902C988169C3EF8000CCCCF /* CAXException.cpp in Sources */,
				D9652851169F07FA0030BC45 /* AudioQueuePlayer.m in Sources */,
				D927EDF0169FFE8900C2A0A6 /* AudioFileHelper.c in Sources */,
			);
			runOnlyForDeploymentPostprocessing = 0;
		};
/* End PBXSourcesBuildPhase section */

/* Begin PBXVariantGroup section */
		D978F45F1696F53700E8FEF2 /* InfoPlist.strings */ = {
			isa = PBXVariantGroup;
			children = (
				D978F4601696F53700E8FEF2 /* en */,
			);
			name = InfoPlist.strings;
			sourceTree = "<group>";
		};
/* End PBXVariantGroup section */

/* Begin XCBuildConfiguration section */
		D978F4831696F53700E8FEF2 /* Debug */ = {
			isa = XCBuildConfiguration;
			buildSettings = {
				ALWAYS_SEARCH_USER_PATHS = NO;
				CLANG_CXX_LANGUAGE_STANDARD = "gnu++0x";
				CLANG_CXX_LIBRARY = "libc++";
				CLANG_ENABLE_OBJC_ARC = YES;
				CLANG_WARN_EMPTY_BODY = YES;
				CLANG_WARN__DUPLICATE_METHOD_MATCH = YES;
				"CODE_SIGN_IDENTITY[sdk=iphoneos*]" = "iPhone Developer";
				COPY_PHASE_STRIP = NO;
				GCC_C_LANGUAGE_STANDARD = gnu99;
				GCC_DYNAMIC_NO_PIC = NO;
				GCC_OPTIMIZATION_LEVEL = 0;
				GCC_PREPROCESSOR_DEFINITIONS = (
					"DEBUG=1",
					"$(inherited)",
				);
				GCC_SYMBOLS_PRIVATE_EXTERN = NO;
				GCC_WARN_ABOUT_RETURN_TYPE = YES;
				GCC_WARN_UNINITIALIZED_AUTOS = YES;
				GCC_WARN_UNUSED_VARIABLE = YES;
				IPHONEOS_DEPLOYMENT_TARGET = 6.0;
				ONLY_ACTIVE_ARCH = YES;
				SDKROOT = iphoneos;
			};
			name = Debug;
		};
		D978F4841696F53700E8FEF2 /* Release */ = {
			isa = XCBuildConfiguration;
			buildSettings = {
				ALWAYS_SEARCH_USER_PATHS = NO;
				CLANG_CXX_LANGUAGE_STANDARD = "gnu++0x";
				CLANG_CXX_LIBRARY = "libc++";
				CLANG_ENABLE_OBJC_ARC = YES;
				CLANG_WARN_EMPTY_BODY = YES;
				CLANG_WARN__DUPLICATE_METHOD_MATCH = YES;
				"CODE_SIGN_IDENTITY[sdk=iphoneos*]" = "iPhone Developer";
				COPY_PHASE_STRIP = YES;
				GCC_C_LANGUAGE_STANDARD = gnu99;
				GCC_WARN_ABOUT_RETURN_TYPE = YES;
				GCC_WARN_UNINITIALIZED_AUTOS = YES;
				GCC_WARN_UNUSED_VARIABLE = YES;
				IPHONEOS_DEPLOYMENT_TARGET = 6.0;
				OTHER_CFLAGS = "-DNS_BLOCK_ASSERTIONS=1";
				SDKROOT = iphoneos;
				VALIDATE_PRODUCT = YES;
			};
			name = Release;
		};
		D978F4861696F53700E8FEF2 /* Debug */ = {
			isa = XCBuildConfiguration;
			buildSettings = {
				GCC_PRECOMPILE_PREFIX_HEADER = YES;
				GCC_PREFIX_HEADER = "SpectrumAnalizer/SpectrumAnalizer-Prefix.pch";
				INFOPLIST_FILE = "SpectrumAnalizer/SpectrumAnalizer-Info.plist";
				PRODUCT_NAME = "$(TARGET_NAME)";
				WRAPPER_EXTENSION = app;
			};
			name = Debug;
		};
		D978F4871696F53700E8FEF2 /* Release */ = {
			isa = XCBuildConfiguration;
			buildSettings = {
				GCC_PRECOMPILE_PREFIX_HEADER = YES;
				GCC_PREFIX_HEADER = "SpectrumAnalizer/SpectrumAnalizer-Prefix.pch";
				INFOPLIST_FILE = "SpectrumAnalizer/SpectrumAnalizer-Info.plist";
				PRODUCT_NAME = "$(TARGET_NAME)";
				WRAPPER_EXTENSION = app;
			};
			name = Release;
		};
/* End XCBuildConfiguration section */

/* Begin XCConfigurationList section */
		D978F44C1696F53700E8FEF2 /* Build configuration list for PBXProject "SpectrumAnalizer" */ = {
			isa = XCConfigurationList;
			buildConfigurations = (
				D978F4831696F53700E8FEF2 /* Debug */,
				D978F4841696F53700E8FEF2 /* Release */,
			);
			defaultConfigurationIsVisible = 0;
			defaultConfigurationName = Release;
		};
		D978F4851696F53700E8FEF2 /* Build configuration list for PBXNativeTarget "SpectrumAnalizer" */ = {
			isa = XCConfigurationList;
			buildConfigurations = (
				D978F4861696F53700E8FEF2 /* Debug */,
				D978F4871696F53700E8FEF2 /* Release */,
			);
			defaultConfigurationIsVisible = 0;
			defaultConfigurationName = Release;
		};
/* End XCConfigurationList section */
	};
	rootObject = D978F4491696F53700E8FEF2 /* Project object */;
}
